
Microsoft Visual Studio Solution File, Format Version 12.00
# Visual Studio Version 17
VisualStudioVersion = 17.7.34031.279
MinimumVisualStudioVersion = 10.0.40219.1
Project("{8BC9CEB8-8B4A-11D0-8D11-00A0C91BC942}") = "Proiect1", "Proiect1.vcxproj", "{904203F5-E02F-499F-B026-CE74C9375B4A}"
EndProject
Global
	GlobalSection(SolutionConfigurationPlatforms) = preSolution
		Debug|x64 = Debug|x64
		Debug|x86 = Debug|x86
		Release|x64 = Release|x64
		Release|x86 = Release|x86
	EndGlobalSection
	GlobalSection(ProjectConfigurationPlatforms) = postSolution
		{904203F5-E02F-499F-B026-CE74C9375B4A}.Debug|x64.ActiveCfg = Debug|x64
		{904203F5-E02F-499F-B026-CE74C9375B4A}.Debug|x64.Build.0 = Debug|x64
		{904203F5-E02F-499F-B026-CE74C9375B4A}.Debug|x86.ActiveCfg = Debug|Win32
		{904203F5-E02F-499F-B026-CE74C9375B4A}.Debug|x86.Build.0 = Debug|Win32
		{904203F5-E02F-499F-B026-CE74C9375B4A}.Release|x64.ActiveCfg = Release|x64
		{904203F5-E02F-499F-B026-CE74C9375B4A}.Release|x64.Build.0 = Release|x64
		{904203F5-E02F-499F-B026-CE74C9375B4A}.Release|x86.ActiveCfg = Release|Win32
		{904203F5-E02F-499F-B026-CE74C9375B4A}.Release|x86.Build.0 = Release|Win32
	EndGlobalSection
	GlobalSection(SolutionProperties) = preSolution
		HideSolutionNode = FALSE
	EndGlobalSection
	GlobalSection(ExtensibilityGlobals) = postSolution
		SolutionGuid = {7DEE8E7C-8522-4EAA-BAD0-52C6C39E81FC}
	EndGlobalSection
EndGlobal
